
Microsoft Visual Studio Solution File, Format Version 11.00
# Visual Studio 2010
Project("{54435603-DBB4-11D2-8724-00A0C9A8B90C}") = "Codeer.Friendly.Store.Core_x86", "Codeer.Friendly.Store.Core_x86\Codeer.Friendly.Store.Core_x86.vdproj", "{F7516E0B-3417-4EAA-88C5-C414A0DAE6B3}"
EndProject
Global
	GlobalSection(SolutionConfigurationPlatforms) = preSolution
		Debug|Default = Debug|Default
		Release|Default = Release|Default
	EndGlobalSection
	GlobalSection(ProjectConfigurationPlatforms) = postSolution
		{F7516E0B-3417-4EAA-88C5-C414A0DAE6B3}.Debug|Default.ActiveCfg = Debug
		{F7516E0B-3417-4EAA-88C5-C414A0DAE6B3}.Debug|Default.Build.0 = Debug
		{F7516E0B-3417-4EAA-88C5-C414A0DAE6B3}.Release|Default.ActiveCfg = Release
		{F7516E0B-3417-4EAA-88C5-C414A0DAE6B3}.Release|Default.Build.0 = Release
	EndGlobalSection
	GlobalSection(SolutionProperties) = preSolution
		HideSolutionNode = FALSE
	EndGlobalSection
EndGlobal
